
Microsoft Visual Studio Solution File, Format Version 12.00
# Visual Studio Version 18
VisualStudioVersion = 18.1.11304.174 d18.0
MinimumVisualStudioVersion = 10.0.40219.1
Project("{FAE04EC0-301F-11D3-BF4B-00C04F79EFBC}") = "MusicStoreCatalog", "MusicStoreCatalog.csproj", "{218F57AA-0D3E-4B0D-9877-8C5DF8B1F584}"
EndProject
Global
	GlobalSection(SolutionConfigurationPlatforms) = preSolution
		Debug|Any CPU = Debug|Any CPU
		Release|Any CPU = Release|Any CPU
	EndGlobalSection
	GlobalSection(ProjectConfigurationPlatforms) = postSolution
		{218F57AA-0D3E-4B0D-9877-8C5DF8B1F584}.Debug|Any CPU.ActiveCfg = Debug|Any CPU
		{218F57AA-0D3E-4B0D-9877-8C5DF8B1F584}.Debug|Any CPU.Build.0 = Debug|Any CPU
		{218F57AA-0D3E-4B0D-9877-8C5DF8B1F584}.Release|Any CPU.ActiveCfg = Release|Any CPU
		{218F57AA-0D3E-4B0D-9877-8C5DF8B1F584}.Release|Any CPU.Build.0 = Release|Any CPU
	EndGlobalSection
	GlobalSection(SolutionProperties) = preSolution
		HideSolutionNode = FALSE
	EndGlobalSection
	GlobalSection(ExtensibilityGlobals) = postSolution
		SolutionGuid = {071D311E-3B37-4799-8017-7CDC78D16231}
	EndGlobalSection
EndGlobal
